
Microsoft Visual Studio Solution File, Format Version 12.00
# Visual Studio Version 17
VisualStudioVersion = 17.1.32319.34
MinimumVisualStudioVersion = 10.0.40219.1
Project("{2150E333-8FDC-42A3-9474-1A3956D46DE8}") = "WebApp", "WebApp", "{703F00DA-9F8F-4D24-9B8E-1A1347173DEF}"
EndProject
Project("{9A19103F-16F7-4668-BE54-9A1E7A4F7556}") = "WebApp", "src\WebApp\WebApp.csproj", "{4F631320-EFB0-4CAF-A94D-77081C76CFBB}"
EndProject
Project("{2150E333-8FDC-42A3-9474-1A3956D46DE8}") = "Dominio", "Dominio", "{CFA8C9D9-02EB-4A1F-AEFA-9AB0A6ECC882}"
EndProject
Project("{FAE04EC0-301F-11D3-BF4B-00C04F79EFBC}") = "Dominio", "src\Dominio\Dominio.csproj", "{F4CCFA0F-C66B-4542-880C-85B7357E91F9}"
EndProject
Project("{2150E333-8FDC-42A3-9474-1A3956D46DE8}") = "Infra", "Infra", "{1F2D66C3-1EB6-409D-8240-6ECE802ACD42}"
EndProject
Project("{FAE04EC0-301F-11D3-BF4B-00C04F79EFBC}") = "Infra", "src\Infra\Infra.csproj", "{269EBFC5-5001-4C8A-BF5F-322167B73BFD}"
EndProject
Project("{2150E333-8FDC-42A3-9474-1A3956D46DE8}") = "Historia", "Historia", "{F96AFEEC-A412-44BF-9F8F-51A1CDD2ECB0}"
EndProject
Project("{FAE04EC0-301F-11D3-BF4B-00C04F79EFBC}") = "Historia", "src\Historia\Historia.csproj", "{DBF907A9-0972-4499-83AD-12E0B8A42B12}"
EndProject
Global
	GlobalSection(SolutionConfigurationPlatforms) = preSolution
		Debug|Any CPU = Debug|Any CPU
		Release|Any CPU = Release|Any CPU
	EndGlobalSection
	GlobalSection(ProjectConfigurationPlatforms) = postSolution
		{4F631320-EFB0-4CAF-A94D-77081C76CFBB}.Debug|Any CPU.ActiveCfg = Debug|Any CPU
		{4F631320-EFB0-4CAF-A94D-77081C76CFBB}.Debug|Any CPU.Build.0 = Debug|Any CPU
		{4F631320-EFB0-4CAF-A94D-77081C76CFBB}.Release|Any CPU.ActiveCfg = Release|Any CPU
		{4F631320-EFB0-4CAF-A94D-77081C76CFBB}.Release|Any CPU.Build.0 = Release|Any CPU
		{F4CCFA0F-C66B-4542-880C-85B7357E91F9}.Debug|Any CPU.ActiveCfg = Debug|Any CPU
		{F4CCFA0F-C66B-4542-880C-85B7357E91F9}.Debug|Any CPU.Build.0 = Debug|Any CPU
		{F4CCFA0F-C66B-4542-880C-85B7357E91F9}.Release|Any CPU.ActiveCfg = Release|Any CPU
		{F4CCFA0F-C66B-4542-880C-85B7357E91F9}.Release|Any CPU.Build.0 = Release|Any CPU
		{269EBFC5-5001-4C8A-BF5F-322167B73BFD}.Debug|Any CPU.ActiveCfg = Debug|Any CPU
		{269EBFC5-5001-4C8A-BF5F-322167B73BFD}.Debug|Any CPU.Build.0 = Debug|Any CPU
		{269EBFC5-5001-4C8A-BF5F-322167B73BFD}.Release|Any CPU.ActiveCfg = Release|Any CPU
		{269EBFC5-5001-4C8A-BF5F-322167B73BFD}.Release|Any CPU.Build.0 = Release|Any CPU
		{DBF907A9-0972-4499-83AD-12E0B8A42B12}.Debug|Any CPU.ActiveCfg = Debug|Any CPU
		{DBF907A9-0972-4499-83AD-12E0B8A42B12}.Debug|Any CPU.Build.0 = Debug|Any CPU
		{DBF907A9-0972-4499-83AD-12E0B8A42B12}.Release|Any CPU.ActiveCfg = Release|Any CPU
		{DBF907A9-0972-4499-83AD-12E0B8A42B12}.Release|Any CPU.Build.0 = Release|Any CPU
	EndGlobalSection
	GlobalSection(SolutionProperties) = preSolution
		HideSolutionNode = FALSE
	EndGlobalSection
	GlobalSection(NestedProjects) = preSolution
		{4F631320-EFB0-4CAF-A94D-77081C76CFBB} = {703F00DA-9F8F-4D24-9B8E-1A1347173DEF}
		{F4CCFA0F-C66B-4542-880C-85B7357E91F9} = {CFA8C9D9-02EB-4A1F-AEFA-9AB0A6ECC882}
		{269EBFC5-5001-4C8A-BF5F-322167B73BFD} = {1F2D66C3-1EB6-409D-8240-6ECE802ACD42}
		{DBF907A9-0972-4499-83AD-12E0B8A42B12} = {F96AFEEC-A412-44BF-9F8F-51A1CDD2ECB0}
	EndGlobalSection
	GlobalSection(ExtensibilityGlobals) = postSolution
		SolutionGuid = {2B0ADC48-6572-4A01-9F1A-5C6B7C0EE468}
	EndGlobalSection
EndGlobal
